// !$*UTF8*$!
{
	archiveVersion = 1;
	classes = {
	};
	objectVersion = 50;
	objects = {

/* Begin PBXBuildFile section */
		254269F52638FEFB00CD5E7C /* AppDelegate.swift in Sources */ = {isa = PBXBuildFile; fileRef = 254269F42638FEFB00CD5E7C /* AppDelegate.swift */; };
		254269F72638FEFB00CD5E7C /* SceneDelegate.swift in Sources */ = {isa = PBXBuildFile; fileRef = 254269F62638FEFB00CD5E7C /* SceneDelegate.swift */; };
		254269F92638FEFB00CD5E7C /* ViewController.swift in Sources */ = {isa = PBXBuildFile; fileRef = 254269F82638FEFB00CD5E7C /* ViewController.swift */; };
		254269FC2638FEFB00CD5E7C /* Main.storyboard in Resources */ = {isa = PBXBuildFile; fileRef = 254269FA2638FEFB00CD5E7C /* Main.storyboard */; };
		254269FE2638FEFD00CD5E7C /* Assets.xcassets in Resources */ = {isa = PBXBuildFile; fileRef = 254269FD2638FEFD00CD5E7C /* Assets.xcassets */; };
		25426A012638FEFD00CD5E7C /* LaunchScreen.storyboard in Resources */ = {isa = PBXBuildFile; fileRef = 254269FF2638FEFD00CD5E7C /* LaunchScreen.storyboard */; };
		25426A0E2638FF3300CD5E7C /* ViewController02.swift in Sources */ = {isa = PBXBuildFile; fileRef = 25426A0D2638FF3300CD5E7C /* ViewController02.swift */; };
		25426A112638FF3900CD5E7C /* ViewController03.swift in Sources */ = {isa = PBXBuildFile; fileRef = 25426A102638FF3900CD5E7C /* ViewController03.swift */; };
/* End PBXBuildFile section */

/* Begin PBXFileReference section */
		254269F12638FEFB00CD5E7C /* NotificationCenterStudyProeject.app */ = {isa = PBXFileReference; explicitFileType = wrapper.application; includeInIndex = 0; path = NotificationCenterStudyProeject.app; sourceTree = BUILT_PRODUCTS_DIR; };
		254269F42638FEFB00CD5E7C /* AppDelegate.swift */ = {isa = PBXFileReference; lastKnownFileType = sourcecode.swift; path = AppDelegate.swift; sourceTree = "<group>"; };
		254269F62638FEFB00CD5E7C /* SceneDelegate.swift */ = {isa = PBXFileReference; lastKnownFileType = sourcecode.swift; path = SceneDelegate.swift; sourceTree = "<group>"; };
		254269F82638FEFB00CD5E7C /* ViewController.swift */ = {isa = PBXFileReference; lastKnownFileType = sourcecode.swift; path = ViewController.swift; sourceTree = "<group>"; };
		254269FB2638FEFB00CD5E7C /* Base */ = {isa = PBXFileReference; lastKnownFileType = file.storyboard; name = Base; path = Base.lproj/Main.storyboard; sourceTree = "<group>"; };
		254269FD2638FEFD00CD5E7C /* Assets.xcassets */ = {isa = PBXFileReference; lastKnownFileType = folder.assetcatalog; path = Assets.xcassets; sourceTree = "<group>"; };
		25426A002638FEFD00CD5E7C /* Base */ = {isa = PBXFileReference; lastKnownFileType = file.storyboard; name = Base; path = Base.lproj/LaunchScreen.storyboard; sourceTree = "<group>"; };
		25426A022638FEFD00CD5E7C /* Info.plist */ = {isa = PBXFileReference; lastKnownFileType = text.plist.xml; path = Info.plist; sourceTree = "<group>"; };
		25426A0D2638FF3300CD5E7C /* ViewController02.swift */ = {isa = PBXFileReference; lastKnownFileType = sourcecode.swift; path = ViewController02.swift; sourceTree = "<group>"; };
		25426A102638FF3900CD5E7C /* ViewController03.swift */ = {isa = PBXFileReference; lastKnownFileType = sourcecode.swift; path = ViewController03.swift; sourceTree = "<group>"; };
/* End PBXFileReference section */

/* Begin PBXFrameworksBuildPhase section */
		254269EE2638FEFB00CD5E7C /* Frameworks */ = {
			isa = PBXFrameworksBuildPhase;
			buildActionMask = 2147483647;
			files = (
			);
			runOnlyForDeploymentPostprocessing = 0;
		};
/* End PBXFrameworksBuildPhase section */

/* Begin PBXGroup section */
		254269E82638FEFB00CD5E7C = {
			isa = PBXGroup;
			children = (
				254269F32638FEFB00CD5E7C /* NotificationCenterStudyProeject */,
				254269F22638FEFB00CD5E7C /* Products */,
			);
			sourceTree = "<group>";
		};
		254269F22638FEFB00CD5E7C /* Products */ = {
			isa = PBXGroup;
			children = (
				254269F12638FEFB00CD5E7C /* NotificationCenterStudyProeject.app */,
			);
			name = Products;
			sourceTree = "<group>";
		};
		254269F32638FEFB00CD5E7C /* NotificationCenterStudyProeject */ = {
			isa = PBXGroup;
			children = (
				25426A092638FF1200CD5E7C /* Controller */,
				254269F42638FEFB00CD5E7C /* AppDelegate.swift */,
				254269F62638FEFB00CD5E7C /* SceneDelegate.swift */,
				254269FA2638FEFB00CD5E7C /* Main.storyboard */,
				254269FD2638FEFD00CD5E7C /* Assets.xcassets */,
				254269FF2638FEFD00CD5E7C /* LaunchScreen.storyboard */,
				25426A022638FEFD00CD5E7C /* Info.plist */,
			);
			path = NotificationCenterStudyProeject;
			sourceTree = "<group>";
		};
		25426A092638FF1200CD5E7C /* Controller */ = {
			isa = PBXGroup;
			children = (
				254269F82638FEFB00CD5E7C /* ViewController.swift */,
				25426A0D2638FF3300CD5E7C /* ViewController02.swift */,
				25426A102638FF3900CD5E7C /* ViewController03.swift */,
			);
			path = Controller;
			sourceTree = "<group>";
		};
/* End PBXGroup section */

/* Begin PBXNativeTarget section */
		254269F02638FEFB00CD5E7C /* NotificationCenterStudyProeject */ = {
			isa = PBXNativeTarget;
			buildConfigurationList = 25426A052638FEFD00CD5E7C /* Build configuration list for PBXNativeTarget "NotificationCenterStudyProeject" */;
			buildPhases = (
				254269ED2638FEFB00CD5E7C /* Sources */,
				254269EE2638FEFB00CD5E7C /* Frameworks */,
				254269EF2638FEFB00CD5E7C /* Resources */,
			);
			buildRules = (
			);
			dependencies = (
			);
			name = NotificationCenterStudyProeject;
			productName = NotificationCenterStudyProeject;
			productReference = 254269F12638FEFB00CD5E7C /* NotificationCenterStudyProeject.app */;
			productType = "com.apple.product-type.application";
		};
/* End PBXNativeTarget section */

/* Begin PBXProject section */
		254269E92638FEFB00CD5E7C /* Project object */ = {
			isa = PBXProject;
			attributes = {
				LastSwiftUpdateCheck = 1240;
				LastUpgradeCheck = 1240;
				TargetAttributes = {
					254269F02638FEFB00CD5E7C = {
						CreatedOnToolsVersion = 12.4;
					};
				};
			};
			buildConfigurationList = 254269EC2638FEFB00CD5E7C /* Build configuration list for PBXProject "NotificationCenterStudyProeject" */;
			compatibilityVersion = "Xcode 9.3";
			developmentRegion = en;
			hasScannedForEncodings = 0;
			knownRegions = (
				en,
				Base,
			);
			mainGroup = 254269E82638FEFB00CD5E7C;
			productRefGroup = 254269F22638FEFB00CD5E7C /* Products */;
			projectDirPath = "";
			projectRoot = "";
			targets = (
				254269F02638FEFB00CD5E7C /* NotificationCenterStudyProeject */,
			);
		};
/* End PBXProject section */

/* Begin PBXResourcesBuildPhase section */
		254269EF2638FEFB00CD5E7C /* Resources */ = {
			isa = PBXResourcesBuildPhase;
			buildActionMask = 2147483647;
			files = (
				25426A012638FEFD00CD5E7C /* LaunchScreen.storyboard in Resources */,
				254269FE2638FEFD00CD5E7C /* Assets.xcassets in Resources */,
				254269FC2638FEFB00CD5E7C /* Main.storyboard in Resources */,
			);
			runOnlyForDeploymentPostprocessing = 0;
		};
/* End PBXResourcesBuildPhase section */

/* Begin PBXSourcesBuildPhase section */
		254269ED2638FEFB00CD5E7C /* Sources */ = {
			isa = PBXSourcesBuildPhase;
			buildActionMask = 2147483647;
			files = (
				254269F92638FEFB00CD5E7C /* ViewController.swift in Sources */,
				254269F52638FEFB00CD5E7C /* AppDelegate.swift in Sources */,
				25426A0E2638FF3300CD5E7C /* ViewController02.swift in Sources */,
				25426A112638FF3900CD5E7C /* ViewController03.swift in Sources */,
				254269F72638FEFB00CD5E7C /* SceneDelegate.swift in Sources */,
			);
			runOnlyForDeploymentPostprocessing = 0;
		};
/* End PBXSourcesBuildPhase section */

/* Begin PBXVariantGroup section */
		254269FA2638FEFB00CD5E7C /* Main.storyboard */ = {
			isa = PBXVariantGroup;
			children = (
				254269FB2638FEFB00CD5E7C /* Base */,
			);
			name = Main.storyboard;
			sourceTree = "<group>";
		};
		254269FF2638FEFD00CD5E7C /* LaunchScreen.storyboard */ = {
			isa = PBXVariantGroup;
			children = (
				25426A002638FEFD00CD5E7C /* Base */,
			);
			name = LaunchScreen.storyboard;
			sourceTree = "<group>";
		};
/* End PBXVariantGroup section */

/* Begin XCBuildConfiguration section */
		25426A032638FEFD00CD5E7C /* Debug */ = {
			isa = XCBuildConfiguration;
			buildSettings = {
				ALWAYS_SEARCH_USER_PATHS = NO;
				CLANG_ANALYZER_NONNULL = YES;
				CLANG_ANALYZER_NUMBER_OBJECT_CONVERSION = YES_AGGRESSIVE;
				CLANG_CXX_LANGUAGE_STANDARD = "gnu++14";
				CLANG_CXX_LIBRARY = "libc++";
				CLANG_ENABLE_MODULES = YES;
				CLANG_ENABLE_OBJC_ARC = YES;
				CLANG_ENABLE_OBJC_WEAK = YES;
				CLANG_WARN_BLOCK_CAPTURE_AUTORELEASING = YES;
				CLANG_WARN_BOOL_CONVERSION = YES;
				CLANG_WARN_COMMA = YES;
				CLANG_WARN_CONSTANT_CONVERSION = YES;
				CLANG_WARN_DEPRECATED_OBJC_IMPLEMENTATIONS = YES;
				CLANG_WARN_DIRECT_OBJC_ISA_USAGE = YES_ERROR;
				CLANG_WARN_DOCUMENTATION_COMMENTS = YES;
				CLANG_WARN_EMPTY_BODY = YES;
				CLANG_WARN_ENUM_CONVERSION = YES;
				CLANG_WARN_INFINITE_RECURSION = YES;
				CLANG_WARN_INT_CONVERSION = YES;
				CLANG_WARN_NON_LITERAL_NULL_CONVERSION = YES;
				CLANG_WARN_OBJC_IMPLICIT_RETAIN_SELF = YES;
				CLANG_WARN_OBJC_LITERAL_CONVERSION = YES;
				CLANG_WARN_OBJC_ROOT_CLASS = YES_ERROR;
				CLANG_WARN_QUOTED_INCLUDE_IN_FRAMEWORK_HEADER = YES;
				CLANG_WARN_RANGE_LOOP_ANALYSIS = YES;
				CLANG_WARN_STRICT_PROTOTYPES = YES;
				CLANG_WARN_SUSPICIOUS_MOVE = YES;
				CLANG_WARN_UNGUARDED_AVAILABILITY = YES_AGGRESSIVE;
				CLANG_WARN_UNREACHABLE_CODE = YES;
				CLANG_WARN__DUPLICATE_METHOD_MATCH = YES;
				COPY_PHASE_STRIP = NO;
				DEBUG_INFORMATION_FORMAT = dwarf;
				ENABLE_STRICT_OBJC_MSGSEND = YES;
				ENABLE_TESTABILITY = YES;
				GCC_C_LANGUAGE_STANDARD = gnu11;
				GCC_DYNAMIC_NO_PIC = NO;
				GCC_NO_COMMON_BLOCKS = YES;
				GCC_OPTIMIZATION_LEVEL = 0;
				GCC_PREPROCESSOR_DEFINITIONS = (
					"DEBUG=1",
					"$(inherited)",
				);
				GCC_WARN_64_TO_32_BIT_CONVERSION = YES;
				GCC_WARN_ABOUT_RETURN_TYPE = YES_ERROR;
				GCC_WARN_UNDECLARED_SELECTOR = YES;
				GCC_WARN_UNINITIALIZED_AUTOS = YES_AGGRESSIVE;
				GCC_WARN_UNUSED_FUNCTION = YES;
				GCC_WARN_UNUSED_VARIABLE = YES;
				IPHONEOS_DEPLOYMENT_TARGET = 14.4;
				MTL_ENABLE_DEBUG_INFO = INCLUDE_SOURCE;
				MTL_FAST_MATH = YES;
				ONLY_ACTIVE_ARCH = YES;
				SDKROOT = iphoneos;
				SWIFT_ACTIVE_COMPILATION_CONDITIONS = DEBUG;
				SWIFT_OPTIMIZATION_LEVEL = "-Onone";
			};
			name = Debug;
		};
		25426A042638FEFD00CD5E7C /* Release */ = {
			isa = XCBuildConfiguration;
			buildSettings = {
				ALWAYS_SEARCH_USER_PATHS = NO;
				CLANG_ANALYZER_NONNULL = YES;
				CLANG_ANALYZER_NUMBER_OBJECT_CONVERSION = YES_AGGRESSIVE;
				CLANG_CXX_LANGUAGE_STANDARD = "gnu++14";
				CLANG_CXX_LIBRARY = "libc++";
				CLANG_ENABLE_MODULES = YES;
				CLANG_ENABLE_OBJC_ARC = YES;
				CLANG_ENABLE_OBJC_WEAK = YES;
				CLANG_WARN_BLOCK_CAPTURE_AUTORELEASING = YES;
				CLANG_WARN_BOOL_CONVERSION = YES;
				CLANG_WARN_COMMA = YES;
				CLANG_WARN_CONSTANT_CONVERSION = YES;
				CLANG_WARN_DEPRECATED_OBJC_IMPLEMENTATIONS = YES;
				CLANG_WARN_DIRECT_OBJC_ISA_USAGE = YES_ERROR;
				CLANG_WARN_DOCUMENTATION_COMMENTS = YES;
				CLANG_WARN_EMPTY_BODY = YES;
				CLANG_WARN_ENUM_CONVERSION = YES;
				CLANG_WARN_INFINITE_RECURSION = YES;
				CLANG_WARN_INT_CONVERSION = YES;
				CLANG_WARN_NON_LITERAL_NULL_CONVERSION = YES;
				CLANG_WARN_OBJC_IMPLICIT_RETAIN_SELF = YES;
				CLANG_WARN_OBJC_LITERAL_CONVERSION = YES;
				CLANG_WARN_OBJC_ROOT_CLASS = YES_ERROR;
				CLANG_WARN_QUOTED_INCLUDE_IN_FRAMEWORK_HEADER = YES;
				CLANG_WARN_RANGE_LOOP_ANALYSIS = YES;
				CLANG_WARN_STRICT_PROTOTYPES = YES;
				CLANG_WARN_SUSPICIOUS_MOVE = YES;
				CLANG_WARN_UNGUARDED_AVAILABILITY = YES_AGGRESSIVE;
				CLANG_WARN_UNREACHABLE_CODE = YES;
				CLANG_WARN__DUPLICATE_METHOD_MATCH = YES;
				COPY_PHASE_STRIP = NO;
				DEBUG_INFORMATION_FORMAT = "dwarf-with-dsym";
				ENABLE_NS_ASSERTIONS = NO;
				ENABLE_STRICT_OBJC_MSGSEND = YES;
				GCC_C_LANGUAGE_STANDARD = gnu11;
				GCC_NO_COMMON_BLOCKS = YES;
				GCC_WARN_64_TO_32_BIT_CONVERSION = YES;
				GCC_WARN_ABOUT_RETURN_TYPE = YES_ERROR;
				GCC_WARN_UNDECLARED_SELECTOR = YES;
				GCC_WARN_UNINITIALIZED_AUTOS = YES_AGGRESSIVE;
				GCC_WARN_UNUSED_FUNCTION = YES;
				GCC_WARN_UNUSED_VARIABLE = YES;
				IPHONEOS_DEPLOYMENT_TARGET = 14.4;
				MTL_ENABLE_DEBUG_INFO = NO;
				MTL_FAST_MATH = YES;
				SDKROOT = iphoneos;
				SWIFT_COMPILATION_MODE = wholemodule;
				SWIFT_OPTIMIZATION_LEVEL = "-O";
				VALIDATE_PRODUCT = YES;
			};
			name = Release;
		};
		25426A062638FEFD00CD5E7C /* Debug */ = {
			isa = XCBuildConfiguration;
			buildSettings = {
				ASSETCATALOG_COMPILER_APPICON_NAME = AppIcon;
				ASSETCATALOG_COMPILER_GLOBAL_ACCENT_COLOR_NAME = AccentColor;
				CODE_SIGN_STYLE = Automatic;
				INFOPLIST_FILE = NotificationCenterStudyProeject/Info.plist;
				LD_RUNPATH_SEARCH_PATHS = (
					"$(inherited)",
					"@executable_path/Frameworks",
				);
				PRODUCT_BUNDLE_IDENTIFIER = WooSungKim.NotificationCenterStudyProeject;
				PRODUCT_NAME = "$(TARGET_NAME)";
				SWIFT_VERSION = 5.0;
				TARGETED_DEVICE_FAMILY = "1,2";
			};
			name = Debug;
		};
		25426A072638FEFD00CD5E7C /* Release */ = {
			isa = XCBuildConfiguration;
			buildSettings = {
				ASSETCATALOG_COMPILER_APPICON_NAME = AppIcon;
				ASSETCATALOG_COMPILER_GLOBAL_ACCENT_COLOR_NAME = AccentColor;
				CODE_SIGN_STYLE = Automatic;
				INFOPLIST_FILE = NotificationCenterStudyProeject/Info.plist;
				LD_RUNPATH_SEARCH_PATHS = (
					"$(inherited)",
					"@executable_path/Frameworks",
				);
				PRODUCT_BUNDLE_IDENTIFIER = WooSungKim.NotificationCenterStudyProeject;
				PRODUCT_NAME = "$(TARGET_NAME)";
				SWIFT_VERSION = 5.0;
				TARGETED_DEVICE_FAMILY = "1,2";
			};
			name = Release;
		};
/* End XCBuildConfiguration section */

/* Begin XCConfigurationList section */
		254269EC2638FEFB00CD5E7C /* Build configuration list for PBXProject "NotificationCenterStudyProeject" */ = {
			isa = XCConfigurationList;
			buildConfigurations = (
				25426A032638FEFD00CD5E7C /* Debug */,
				25426A042638FEFD00CD5E7C /* Release */,
			);
			defaultConfigurationIsVisible = 0;
			defaultConfigurationName = Release;
		};
		25426A052638FEFD00CD5E7C /* Build configuration list for PBXNativeTarget "NotificationCenterStudyProeject" */ = {
			isa = XCConfigurationList;
			buildConfigurations = (
				25426A062638FEFD00CD5E7C /* Debug */,
				25426A072638FEFD00CD5E7C /* Release */,
			);
			defaultConfigurationIsVisible = 0;
			defaultConfigurationName = Release;
		};
/* End XCConfigurationList section */
	};
	rootObject = 254269E92638FEFB00CD5E7C /* Project object */;
}
